# This file is automatically @generated by Cargo.
# It is not intended for manual editing.
version = 4

[[package]]
name = "bitflags"
version = "2.13.0"
source = "registry+https://github.com/rust-lang/crates.io-index"
checksum = "b4388bee8683e3d04af747c73422af53102d2bd24d9eadb6cbc100baef4b43f8"

[[package]]
name = "byteorder"
version = "1.5.0"
source = "registry+https://github.com/rust-lang/crates.io-index"
checksum = "1fd0f2584146f6f2ef48085050886acf353beff7305ebd1ae69500e27c67f64b"

[[package]]
name = "facet"
version = "0.27.16"
source = "registry+https://github.com/rust-lang/crates.io-index"
checksum = "0be4cf803e7c34ab73217e3c05b6c382b8a70a5948a9282ed9d64f62c2a03a90"
dependencies = [
 "facet-core",
 "facet-macros",
 "static_assertions",
]

[[package]]
name = "facet-core"
version = "0.27.16"
source = "registry+https://github.com/rust-lang/crates.io-index"
checksum = "bc0dfc311334e2fad887baaebdc3773c05bbbddc286bef7c9c87cfb3fb4235fb"
dependencies = [
 "bitflags",
 "impls",
]

[[package]]
name = "facet-macros"
version = "0.27.16"
source = "registry+https://github.com/rust-lang/crates.io-index"
checksum = "c10707410fd2c4f6b779fa04eac1a25d2907322dfb31039f16829c7996236768"
dependencies = [
 "facet-core",
 "facet-macros-emit",
]

[[package]]
name = "facet-macros-emit"
version = "0.27.16"
source = "registry+https://github.com/rust-lang/crates.io-index"
checksum = "c496a4d3bd731444d278cf1178302d854c46dd04661e79a67d926b63d60a4cbb"
dependencies = [
 "facet-macros-parse",
 "quote",
]

[[package]]
name = "facet-macros-parse"
version = "0.27.16"
source = "registry+https://github.com/rust-lang/crates.io-index"
checksum = "e5e81c2f638023b13c3ab6e73b29be6fec44bdced5e418839c215a4b81afc6e2"
dependencies = [
 "proc-macro2",
 "quote",
 "unsynn",
]

[[package]]
name = "facet-reflect"
version = "0.27.16"
source = "registry+https://github.com/rust-lang/crates.io-index"
checksum = "61652b0cd54648b83633b74819a6156b77013e0d0695cc70a6566e75870f6c27"
dependencies = [
 "bitflags",
 "facet-core",
 "owo-colors",
]

[[package]]
name = "fxhash"
version = "0.2.1"
source = "registry+https://github.com/rust-lang/crates.io-index"
checksum = "c31b6d751ae2c7f11320402d34e41349dd1016f8d5d45e48c4312bc8625af50c"
dependencies = [
 "byteorder",
]

[[package]]
name = "impls"
version = "1.0.3"
source = "registry+https://github.com/rust-lang/crates.io-index"
checksum = "7a46645bbd70538861a90d0f26c31537cdf1e44aae99a794fb75a664b70951bc"

[[package]]
name = "mutants"
version = "0.0.3"
source = "registry+https://github.com/rust-lang/crates.io-index"
checksum = "bc0287524726960e07b119cebd01678f852f147742ae0d925e6a520dca956126"

[[package]]
name = "owo-colors"
version = "4.3.0"
source = "registry+https://github.com/rust-lang/crates.io-index"
checksum = "d211803b9b6b570f68772237e415a029d5a50c65d382910b879fb19d3271f94d"

[[package]]
name = "proc-macro2"
version = "1.0.106"
source = "registry+https://github.com/rust-lang/crates.io-index"
checksum = "8fd00f0bb2e90d81d1044c2b32617f68fcb9fa3bb7640c23e9c748e53fb30934"
dependencies = [
 "unicode-ident",
]

[[package]]
name = "quote"
version = "1.0.46"
source = "registry+https://github.com/rust-lang/crates.io-index"
checksum = "dfbc457d0c7a0759a614551b11a6409e5951f6c7537be1f1b7682b9ae9230368"
dependencies = [
 "proc-macro2",
]

[[package]]
name = "shadow_counted"
version = "0.4.0"
source = "registry+https://github.com/rust-lang/crates.io-index"
checksum = "65da48d447333cebe1aadbdd3662f3ba56e76e67f53bc46f3dd5f67c74629d6b"

[[package]]
name = "shimlang"
version = "0.1.0"
dependencies = [
 "facet",
 "facet-reflect",
 "shm-tracy",
]

[[package]]
name = "shm-tracy"
version = "0.1.0"

[[package]]
name = "static_assertions"
version = "1.1.0"
source = "registry+https://github.com/rust-lang/crates.io-index"
checksum = "a2eb9349b6444b326872e140eb1cf5e7c522154d69e7a0ffb0fb81c06b37543f"

[[package]]
name = "unicode-ident"
version = "1.0.24"
source = "registry+https://github.com/rust-lang/crates.io-index"
checksum = "e6e4313cd5fcd3dad5cafa179702e2b244f760991f45397d14d4ebf38247da75"

[[package]]
name = "unsynn"
version = "0.1.1"
source = "registry+https://github.com/rust-lang/crates.io-index"
checksum = "7940603a9e25cf11211cc43b81f4fcad2b8ab4df291ca855f32c40e1ac22d5bc"
dependencies = [
 "fxhash",
 "mutants",
 "proc-macro2",
 "shadow_counted",
]
