# This file is automatically @generated by Cargo.
# It is not intended for manual editing.
version = 3

[[package]]
name = "acollections"
version = "0.1.0"

[[package]]
name = "libshim"
version = "0.1.0"
dependencies = [
 "acollections",
]

[[package]]
name = "shimlang-wasm"
version = "0.1.0"
dependencies = [
 "acollections",
 "libshim",
]
